
Microsoft Visual Studio Solution File, Format Version 12.00
# Visual Studio Version 16
VisualStudioVersion = 16.0.31702.278
MinimumVisualStudioVersion = 10.0.40219.1
Project("{888888A0-9F3D-457C-B088-3A5042F75D52}") = "exploration", "exploration.pyproj", "{5D431305-34B5-434F-AEA2-EA31F0AAB052}"
EndProject
Global
	GlobalSection(SolutionConfigurationPlatforms) = preSolution
		Debug|Any CPU = Debug|Any CPU
		Release|Any CPU = Release|Any CPU
	EndGlobalSection
	GlobalSection(ProjectConfigurationPlatforms) = postSolution
		{5D431305-34B5-434F-AEA2-EA31F0AAB052}.Debug|Any CPU.ActiveCfg = Debug|Any CPU
		{5D431305-34B5-434F-AEA2-EA31F0AAB052}.Debug|Any CPU.Build.0 = Debug|Any CPU
		{5D431305-34B5-434F-AEA2-EA31F0AAB052}.Release|Any CPU.ActiveCfg = Release|Any CPU
		{5D431305-34B5-434F-AEA2-EA31F0AAB052}.Release|Any CPU.Build.0 = Release|Any CPU
	EndGlobalSection
	GlobalSection(SolutionProperties) = preSolution
		HideSolutionNode = FALSE
	EndGlobalSection
	GlobalSection(ExtensibilityGlobals) = postSolution
		SolutionGuid = {03EDD93D-07E7-4384-87C8-026645B39FC4}
	EndGlobalSection
EndGlobal
